
Microsoft Visual Studio Solution File, Format Version 12.00
# Visual Studio Version 17
VisualStudioVersion = 17.12.35728.132
MinimumVisualStudioVersion = 10.0.40219.1
Project("{FAE04EC0-301F-11D3-BF4B-00C04F79EFBC}") = "Ecommerce", "Ecommerce\Ecommerce.csproj", "{D9B51E08-969C-44BD-8674-CC0483291E6F}"
EndProject
Project("{FAE04EC0-301F-11D3-BF4B-00C04F79EFBC}") = "DAL", "DAL\DAL.csproj", "{576348A4-3D08-4340-AE35-B3388325DFB5}"
EndProject
Project("{FAE04EC0-301F-11D3-BF4B-00C04F79EFBC}") = "BLL", "BLL\BLL.csproj", "{C1E7807F-BC07-464E-BD97-0DCE4FB7F6DF}"
EndProject
Global
	GlobalSection(SolutionConfigurationPlatforms) = preSolution
		Debug|Any CPU = Debug|Any CPU
		Release|Any CPU = Release|Any CPU
	EndGlobalSection
	GlobalSection(ProjectConfigurationPlatforms) = postSolution
		{D9B51E08-969C-44BD-8674-CC0483291E6F}.Debug|Any CPU.ActiveCfg = Debug|Any CPU
		{D9B51E08-969C-44BD-8674-CC0483291E6F}.Debug|Any CPU.Build.0 = Debug|Any CPU
		{D9B51E08-969C-44BD-8674-CC0483291E6F}.Release|Any CPU.ActiveCfg = Release|Any CPU
		{D9B51E08-969C-44BD-8674-CC0483291E6F}.Release|Any CPU.Build.0 = Release|Any CPU
		{576348A4-3D08-4340-AE35-B3388325DFB5}.Debug|Any CPU.ActiveCfg = Debug|Any CPU
		{576348A4-3D08-4340-AE35-B3388325DFB5}.Debug|Any CPU.Build.0 = Debug|Any CPU
		{576348A4-3D08-4340-AE35-B3388325DFB5}.Release|Any CPU.ActiveCfg = Release|Any CPU
		{576348A4-3D08-4340-AE35-B3388325DFB5}.Release|Any CPU.Build.0 = Release|Any CPU
		{C1E7807F-BC07-464E-BD97-0DCE4FB7F6DF}.Debug|Any CPU.ActiveCfg = Debug|Any CPU
		{C1E7807F-BC07-464E-BD97-0DCE4FB7F6DF}.Debug|Any CPU.Build.0 = Debug|Any CPU
		{C1E7807F-BC07-464E-BD97-0DCE4FB7F6DF}.Release|Any CPU.ActiveCfg = Release|Any CPU
		{C1E7807F-BC07-464E-BD97-0DCE4FB7F6DF}.Release|Any CPU.Build.0 = Release|Any CPU
	EndGlobalSection
	GlobalSection(SolutionProperties) = preSolution
		HideSolutionNode = FALSE
	EndGlobalSection
EndGlobal
